
Microsoft Visual Studio Solution File, Format Version 12.00
# Visual Studio 15
VisualStudioVersion = 15.0.28307.329
MinimumVisualStudioVersion = 10.0.40219.1
Project("{FAE04EC0-301F-11D3-BF4B-00C04F79EFBC}") = "MatrizExe", "MatrizExe\MatrizExe.csproj", "{C41DABF5-B4C4-4046-ACFB-3DD5A9A1840A}"
EndProject
Global
	GlobalSection(SolutionConfigurationPlatforms) = preSolution
		Debug|Any CPU = Debug|Any CPU
		Release|Any CPU = Release|Any CPU
	EndGlobalSection
	GlobalSection(ProjectConfigurationPlatforms) = postSolution
		{C41DABF5-B4C4-4046-ACFB-3DD5A9A1840A}.Debug|Any CPU.ActiveCfg = Debug|Any CPU
		{C41DABF5-B4C4-4046-ACFB-3DD5A9A1840A}.Debug|Any CPU.Build.0 = Debug|Any CPU
		{C41DABF5-B4C4-4046-ACFB-3DD5A9A1840A}.Release|Any CPU.ActiveCfg = Release|Any CPU
		{C41DABF5-B4C4-4046-ACFB-3DD5A9A1840A}.Release|Any CPU.Build.0 = Release|Any CPU
	EndGlobalSection
	GlobalSection(SolutionProperties) = preSolution
		HideSolutionNode = FALSE
	EndGlobalSection
	GlobalSection(ExtensibilityGlobals) = postSolution
		SolutionGuid = {D8C99780-1CD4-4521-8B22-C2B317467A73}
	EndGlobalSection
EndGlobal
